dependencies:
- name: opentelemetry-collector
  repository: https://open-telemetry.github.io/opentelemetry-helm-charts
  version: 0.101.2
- name: opensearch
  repository: https://opensearch-project.github.io/helm-charts/
  version: 2.21.0
- name: opensearch-dashboards
  repository: https://opensearch-project.github.io/helm-charts/
  version: 2.19.1
- name: resource-health
  repository: file://../helm
  version: v0.3.0-internal5
digest: sha256:162680b5e23ec92e0ca21e4ce5d6adbca7762572ee8a625da2294adaeace96b2
generated: "2025-04-04T10:41:27.933863043+02:00"
