dependencies:
- name: opentelemetry-collector
  repository: https://open-telemetry.github.io/opentelemetry-helm-charts
  version: 0.101.2
- name: opensearch
  repository: https://opensearch-project.github.io/helm-charts/
  version: 2.21.0
- name: opensearch-dashboards
  repository: https://opensearch-project.github.io/helm-charts/
  version: 2.19.1
- name: resource-health
  repository: file://../helm
  version: v0.3.0-internal4
digest: sha256:3ad1c5792d1a7e8727e1781ec4814236e339e8b99fb889e04eb12d5739b1f1cc
generated: "2025-04-04T10:32:06.623886579+02:00"
