dependencies:
- name: opentelemetry-collector
  repository: https://open-telemetry.github.io/opentelemetry-helm-charts
  version: 0.101.2
- name: opensearch
  repository: https://opensearch-project.github.io/helm-charts/
  version: 2.21.0
- name: opensearch-dashboards
  repository: https://opensearch-project.github.io/helm-charts/
  version: 2.19.1
- name: resource-health
  repository: file://../helm
  version: 2.0.0-rc1
digest: sha256:ca3d9502e682955c1946f4bcb2dfb927e84cc03f1c5ec7a454bb43d752a88bed
generated: "2025-04-08T13:47:09.983788012+02:00"
